
Microsoft Visual Studio Solution File, Format Version 12.00
# Visual Studio Version 17
VisualStudioVersion = 17.10.34814.14
MinimumVisualStudioVersion = 10.0.40219.1
Project("{9A19103F-16F7-4668-BE54-9A1E7A4F7556}") = "01_Introduction", "01_Introduction\01_Introduction.csproj", "{24CD5DE7-F7D7-4F34-8FBB-A35227D57637}"
EndProject
Project("{2150E333-8FDC-42A3-9474-1A3956D46DE8}") = "Solution Items", "Solution Items", "{620066D5-AB72-4CCE-84C9-29341147AAD4}"
	ProjectSection(SolutionItems) = preProject
		.editorconfig = .editorconfig
		All Questions.txt = All Questions.txt
	EndProjectSection
EndProject
Project("{9A19103F-16F7-4668-BE54-9A1E7A4F7556}") = "03_IS vs AS keywords", "03_IS vs AS keywords\03_IS vs AS keywords.csproj", "{D8E77A2E-7EB8-4DAD-AA04-B6222239AC21}"
EndProject
Project("{9A19103F-16F7-4668-BE54-9A1E7A4F7556}") = "02_Tuples_Vs_ValueTuples", "02_Tuples_Vs_ValueTuples\02_Tuples_Vs_ValueTuples.csproj", "{3D17DAC1-17BF-4733-8F02-932C34A469E0}"
EndProject
Project("{9A19103F-16F7-4668-BE54-9A1E7A4F7556}") = "04_Using Keyword", "04_Using Keyword\04_Using Keyword.csproj", "{130FE91B-7002-4E6D-80B0-F0B30BF71340}"
EndProject
Project("{9A19103F-16F7-4668-BE54-9A1E7A4F7556}") = "05_Dynamic keyword", "05_Dynamic keyword\05_Dynamic keyword.csproj", "{C3B013DD-A289-47D6-BCE7-B1F0F9E1684D}"
EndProject
Project("{9A19103F-16F7-4668-BE54-9A1E7A4F7556}") = "06_Expression bodied members", "06_Expression bodied members\06_Expression bodied members.csproj", "{80F5CEB7-A0C2-4F2F-8BB9-7FB39AACA6D7}"
EndProject
Project("{9A19103F-16F7-4668-BE54-9A1E7A4F7556}") = "07_Func and lambda expressions", "07_Func and lambda expressions\07_Func and lambda expressions.csproj", "{D49E0390-28F6-4909-9F7F-10FE67F4D463}"
EndProject
Project("{9A19103F-16F7-4668-BE54-9A1E7A4F7556}") = "07.1_Func, Action, Lamba expression Beginner", "07_Func, Action, Lamba expression Beginner\07.1_Func, Action, Lamba expression Beginner.csproj", "{D8645FE7-B34F-4CC0-8578-6D9F79B085CD}"
EndProject
Project("{9A19103F-16F7-4668-BE54-9A1E7A4F7556}") = "07.2_Func, Action, Lamba expression Advanced", "07_Func, Action, Lamba expression Advanced\07.2_Func, Action, Lamba expression Advanced.csproj", "{5E73C226-8806-42C4-B90C-36B6C223203D}"
EndProject
Project("{9A19103F-16F7-4668-BE54-9A1E7A4F7556}") = "08_What are delegates", "08_What are delegates\08_What are delegates.csproj", "{D2B64BFF-7E7C-440C-B8F3-45C9B5747509}"
EndProject
Project("{9A19103F-16F7-4668-BE54-9A1E7A4F7556}") = "09_Gabage Collector", "09_Gabage Collector\09_Gabage Collector.csproj", "{7FFEA86E-0F68-4C54-8919-A9DC8019CAC8}"
EndProject
Project("{9A19103F-16F7-4668-BE54-9A1E7A4F7556}") = "11_Dispose vs Finalize methods", "11_Dispose vs Finalize methods\11_Dispose vs Finalize methods.csproj", "{8ABDDD4C-8F59-4EA9-888E-4937820B82E1}"
EndProject
Project("{9A19103F-16F7-4668-BE54-9A1E7A4F7556}") = "10_What are generations", "10_What are generations\10_What are generations.csproj", "{4FFEBB3C-C3D7-4EBC-80DF-C6DB15CE2501}"
EndProject
Project("{9A19103F-16F7-4668-BE54-9A1E7A4F7556}") = "12_Default implementations in interfaces", "12_Default implementations in interfaces\12_Default implementations in interfaces.csproj", "{01988C87-7E8C-4811-B502-B877FE1F1DDE}"
EndProject
Project("{9A19103F-16F7-4668-BE54-9A1E7A4F7556}") = "13_What is deconstruction", "13_What is deconstruction\13_What is deconstruction.csproj", "{AEC4362E-3DE5-4C1E-A6A6-B35FE64DC726}"
EndProject
Project("{9A19103F-16F7-4668-BE54-9A1E7A4F7556}") = "14_Catch(Exception) when is bad or good", "14_Catch(Exception) when is bad or good\14_Catch(Exception) when is bad or good.csproj", "{03656375-FDDD-4DEA-B329-F25A5B3700BC}"
EndProject
Project("{9A19103F-16F7-4668-BE54-9A1E7A4F7556}") = "15_Throw vs Throw ex", "15_Throw vs Throw ex\15_Throw vs Throw ex.csproj", "{ACC073D4-29A3-4B34-93BA-3AC4E9A01D17}"
EndProject
Project("{9A19103F-16F7-4668-BE54-9A1E7A4F7556}") = "16_GetType vs typeof", "16_GetType vs typeof\16_GetType vs typeof.csproj", "{E8DE9257-7728-49AC-9509-42F776484D44}"
EndProject
Project("{9A19103F-16F7-4668-BE54-9A1E7A4F7556}") = "17_What is reflexion", "17_What is reflexion\17_What is reflexion.csproj", "{17E223CC-1EA7-42DA-9F38-38F3CDE5B079}"
EndProject
Project("{9A19103F-16F7-4668-BE54-9A1E7A4F7556}") = "18_What are attributes", "18_What are attributes\18_What are attributes.csproj", "{FB737ACB-D3AA-4252-AE36-A060789E827C}"
EndProject
Project("{9A19103F-16F7-4668-BE54-9A1E7A4F7556}") = "19_What is serialization", "19_What is serialization\19_What is serialization.csproj", "{859E692C-38C4-4A59-BE0E-E3F43DCD43CD}"
EndProject
Project("{9A19103F-16F7-4668-BE54-9A1E7A4F7556}") = "20_What is pattern matching", "20_What is pattern matching\20_What is pattern matching.csproj", "{7EF830DB-ABC1-441F-B809-139CB2665452}"
EndProject
Project("{9A19103F-16F7-4668-BE54-9A1E7A4F7556}") = "21_How binary number work", "21_How binary number work\21_How binary number work.csproj", "{0159518F-10B6-49B6-8CE3-03E0C68755CE}"
EndProject
Project("{9A19103F-16F7-4668-BE54-9A1E7A4F7556}") = "22_checked keyword", "22_checked keyword\22_checked keyword.csproj", "{3E1A6B0B-480D-4EC9-A8D3-91A4F354DACA}"
EndProject
Project("{9A19103F-16F7-4668-BE54-9A1E7A4F7556}") = "23_double vs decimal", "23_double vs decimal\23_double vs decimal.csproj", "{B05AABCE-D669-4442-B6E6-0F372CFF8619}"
EndProject
Project("{9A19103F-16F7-4668-BE54-9A1E7A4F7556}") = "24-What is an Array", "24-What is an Array\24-What is an Array.csproj", "{6C1D5653-1364-41BF-AA21-1C3128DD3D1C}"
EndProject
Project("{9A19103F-16F7-4668-BE54-9A1E7A4F7556}") = "25_What is a List", "25_What is a List\25_What is a List.csproj", "{F4E88C2D-4050-4000-86DC-590C27BD2888}"
EndProject
Project("{9A19103F-16F7-4668-BE54-9A1E7A4F7556}") = "26_ArrayList", "26_ArrayList\26_ArrayList.csproj", "{60963DD1-E921-43BD-BF31-4E6768957BBF}"
EndProject
Project("{9A19103F-16F7-4668-BE54-9A1E7A4F7556}") = "27_GetHashCode", "27_GetHashCode\27_GetHashCode.csproj", "{16A30F05-3469-47AB-86AF-613483977B0F}"
EndProject
Project("{9A19103F-16F7-4668-BE54-9A1E7A4F7556}") = "28_Dictionary", "28_Dictionary\28_Dictionary.csproj", "{8C7775B3-E10A-460A-AADE-F00D7F9A3E1F}"
EndProject
Project("{9A19103F-16F7-4668-BE54-9A1E7A4F7556}") = "29_Indexers", "29_Indexers\29_Indexers.csproj", "{45522C03-B226-4AD6-AEA8-E3A336C8B18D}"
EndProject
Project("{9A19103F-16F7-4668-BE54-9A1E7A4F7556}") = "30_Caching", "30_Caching\30_Caching.csproj", "{B5B39D30-3D29-4365-8DBE-8D2956EF5781}"
EndProject
Project("{9A19103F-16F7-4668-BE54-9A1E7A4F7556}") = "31_Immutable Type", "31_Immutable Type\31_Immutable Type.csproj", "{AC3D918E-166A-42CF-8775-12FB35B64BFD}"
EndProject
Project("{9A19103F-16F7-4668-BE54-9A1E7A4F7556}") = "32_Recods and Records struct", "32_Recods and Records struct\32_Recods and Records struct.csproj", "{B3FF3E7B-5F25-4C51-930F-4379E59DC348}"
EndProject
Project("{9A19103F-16F7-4668-BE54-9A1E7A4F7556}") = "33_string behavior", "33_string behavior\33_string behavior.csproj", "{6895B7BE-F680-4287-AFB2-C95B11B86E23}"
EndProject
Project("{9A19103F-16F7-4668-BE54-9A1E7A4F7556}") = "34_StringBuilder", "34_StringBuilder\34_StringBuilder.csproj", "{BF093FFF-E7C3-47B4-A6D9-19FC09FC18CF}"
EndProject
Project("{9A19103F-16F7-4668-BE54-9A1E7A4F7556}") = "35_Overloading", "35_Overloading\35_Overloading.csproj", "{CE61928D-2E24-49BA-8465-55685874B9B4}"
EndProject
Project("{9A19103F-16F7-4668-BE54-9A1E7A4F7556}") = "36_Anonymous types", "36_Anonymous types\36_Anonymous types.csproj", "{76BFD920-113B-45B2-BB88-B474870F40D3}"
EndProject
Project("{9A19103F-16F7-4668-BE54-9A1E7A4F7556}") = "37_Cohesion", "37_Cohesion\37_Cohesion.csproj", "{31132B0D-EAFC-4385-9DDC-D4325E8372B8}"
EndProject
Project("{9A19103F-16F7-4668-BE54-9A1E7A4F7556}") = "38_Coupling", "38_Coupling\38_Coupling.csproj", "{DA16D18F-7F4C-4F9C-A6B7-3A9A14284E0D}"
EndProject
Project("{9A19103F-16F7-4668-BE54-9A1E7A4F7556}") = "39_Strategy design pattern", "39_Strategy design pattern\39_Strategy design pattern.csproj", "{4F2FBB52-2517-4256-9823-314F69EF1D60}"
EndProject
Project("{9A19103F-16F7-4668-BE54-9A1E7A4F7556}") = "40_Dependency Injection design pattern", "40_Dependency Injection design pattern\40_Dependency Injection design pattern.csproj", "{50C51381-8319-4B1A-BFE6-ECA9DD3E2D11}"
EndProject
Project("{9A19103F-16F7-4668-BE54-9A1E7A4F7556}") = "41_Template method design pattern", "41_Template method design pattern\41_Template method design pattern.csproj", "{7CC93780-5B3F-4FCD-B6DE-9BFDAF3821E8}"
EndProject
Project("{FAE04EC0-301F-11D3-BF4B-00C04F79EFBC}") = "42_1_Decorator design pattern", "42_Decorator design pattern\42_1_Decorator design pattern.csproj", "{24C9AD0E-3604-4737-A133-0889A338AE9A}"
EndProject
Project("{FAE04EC0-301F-11D3-BF4B-00C04F79EFBC}") = "42_2_Decorator design pattern", "42_2_Decorator design pattern\42_2_Decorator design pattern.csproj", "{BB662347-F71C-4601-B10F-4B5792C81911}"
EndProject
Project("{FAE04EC0-301F-11D3-BF4B-00C04F79EFBC}") = "43_Observer design pattern", "43_Observer design pattern\43_Observer design pattern.csproj", "{108EA479-994C-4CDE-A171-C5CA2442BF11}"
EndProject
Project("{FAE04EC0-301F-11D3-BF4B-00C04F79EFBC}") = "44_Events", "44_Events\44_Events.csproj", "{7F385AC1-7C06-4BFE-96E6-8E72CEFC8987}"
EndProject
Project("{FAE04EC0-301F-11D3-BF4B-00C04F79EFBC}") = "45_Inversion of Control", "45_Inversion of Control\45_Inversion of Control.csproj", "{F1B1063C-9127-44F9-94AC-D25123E6CEF5}"
EndProject
Project("{FAE04EC0-301F-11D3-BF4B-00C04F79EFBC}") = "46_Composition over inheritance", "46_Composition over inheritance\46_Composition over inheritance.csproj", "{6D219313-620E-4EB2-8769-3928E417E651}"
EndProject
Project("{FAE04EC0-301F-11D3-BF4B-00C04F79EFBC}") = "46_Composition", "46_Composition\46_Composition.csproj", "{FB52F366-E3C4-4F32-9DF8-0CAC90526836}"
EndProject
Project("{FAE04EC0-301F-11D3-BF4B-00C04F79EFBC}") = "47_Mocks", "Mocks\47_Mocks.csproj", "{9643A1EA-BDB3-4BDF-8249-70949902CB56}"
EndProject
Project("{FAE04EC0-301F-11D3-BF4B-00C04F79EFBC}") = "48_NuGet packages", "48_NuGet packages\48_NuGet packages.csproj", "{F1DB7A89-44FE-45C5-A160-6E786146C521}"
EndProject
Global
	GlobalSection(SolutionConfigurationPlatforms) = preSolution
		Debug|Any CPU = Debug|Any CPU
		Release|Any CPU = Release|Any CPU
	EndGlobalSection
	GlobalSection(ProjectConfigurationPlatforms) = postSolution
		{24CD5DE7-F7D7-4F34-8FBB-A35227D57637}.Debug|Any CPU.ActiveCfg = Debug|Any CPU
		{24CD5DE7-F7D7-4F34-8FBB-A35227D57637}.Debug|Any CPU.Build.0 = Debug|Any CPU
		{24CD5DE7-F7D7-4F34-8FBB-A35227D57637}.Release|Any CPU.ActiveCfg = Release|Any CPU
		{24CD5DE7-F7D7-4F34-8FBB-A35227D57637}.Release|Any CPU.Build.0 = Release|Any CPU
		{D8E77A2E-7EB8-4DAD-AA04-B6222239AC21}.Debug|Any CPU.ActiveCfg = Debug|Any CPU
		{D8E77A2E-7EB8-4DAD-AA04-B6222239AC21}.Debug|Any CPU.Build.0 = Debug|Any CPU
		{D8E77A2E-7EB8-4DAD-AA04-B6222239AC21}.Release|Any CPU.ActiveCfg = Release|Any CPU
		{D8E77A2E-7EB8-4DAD-AA04-B6222239AC21}.Release|Any CPU.Build.0 = Release|Any CPU
		{3D17DAC1-17BF-4733-8F02-932C34A469E0}.Debug|Any CPU.ActiveCfg = Debug|Any CPU
		{3D17DAC1-17BF-4733-8F02-932C34A469E0}.Debug|Any CPU.Build.0 = Debug|Any CPU
		{3D17DAC1-17BF-4733-8F02-932C34A469E0}.Release|Any CPU.ActiveCfg = Release|Any CPU
		{3D17DAC1-17BF-4733-8F02-932C34A469E0}.Release|Any CPU.Build.0 = Release|Any CPU
		{130FE91B-7002-4E6D-80B0-F0B30BF71340}.Debug|Any CPU.ActiveCfg = Debug|Any CPU
		{130FE91B-7002-4E6D-80B0-F0B30BF71340}.Debug|Any CPU.Build.0 = Debug|Any CPU
		{130FE91B-7002-4E6D-80B0-F0B30BF71340}.Release|Any CPU.ActiveCfg = Release|Any CPU
		{130FE91B-7002-4E6D-80B0-F0B30BF71340}.Release|Any CPU.Build.0 = Release|Any CPU
		{C3B013DD-A289-47D6-BCE7-B1F0F9E1684D}.Debug|Any CPU.ActiveCfg = Debug|Any CPU
		{C3B013DD-A289-47D6-BCE7-B1F0F9E1684D}.Debug|Any CPU.Build.0 = Debug|Any CPU
		{C3B013DD-A289-47D6-BCE7-B1F0F9E1684D}.Release|Any CPU.ActiveCfg = Release|Any CPU
		{C3B013DD-A289-47D6-BCE7-B1F0F9E1684D}.Release|Any CPU.Build.0 = Release|Any CPU
		{80F5CEB7-A0C2-4F2F-8BB9-7FB39AACA6D7}.Debug|Any CPU.ActiveCfg = Debug|Any CPU
		{80F5CEB7-A0C2-4F2F-8BB9-7FB39AACA6D7}.Debug|Any CPU.Build.0 = Debug|Any CPU
		{80F5CEB7-A0C2-4F2F-8BB9-7FB39AACA6D7}.Release|Any CPU.ActiveCfg = Release|Any CPU
		{80F5CEB7-A0C2-4F2F-8BB9-7FB39AACA6D7}.Release|Any CPU.Build.0 = Release|Any CPU
		{D49E0390-28F6-4909-9F7F-10FE67F4D463}.Debug|Any CPU.ActiveCfg = Debug|Any CPU
		{D49E0390-28F6-4909-9F7F-10FE67F4D463}.Debug|Any CPU.Build.0 = Debug|Any CPU
		{D49E0390-28F6-4909-9F7F-10FE67F4D463}.Release|Any CPU.ActiveCfg = Release|Any CPU
		{D49E0390-28F6-4909-9F7F-10FE67F4D463}.Release|Any CPU.Build.0 = Release|Any CPU
		{D8645FE7-B34F-4CC0-8578-6D9F79B085CD}.Debug|Any CPU.ActiveCfg = Debug|Any CPU
		{D8645FE7-B34F-4CC0-8578-6D9F79B085CD}.Debug|Any CPU.Build.0 = Debug|Any CPU
		{D8645FE7-B34F-4CC0-8578-6D9F79B085CD}.Release|Any CPU.ActiveCfg = Release|Any CPU
		{D8645FE7-B34F-4CC0-8578-6D9F79B085CD}.Release|Any CPU.Build.0 = Release|Any CPU
		{5E73C226-8806-42C4-B90C-36B6C223203D}.Debug|Any CPU.ActiveCfg = Debug|Any CPU
		{5E73C226-8806-42C4-B90C-36B6C223203D}.Debug|Any CPU.Build.0 = Debug|Any CPU
		{5E73C226-8806-42C4-B90C-36B6C223203D}.Release|Any CPU.ActiveCfg = Release|Any CPU
		{5E73C226-8806-42C4-B90C-36B6C223203D}.Release|Any CPU.Build.0 = Release|Any CPU
		{D2B64BFF-7E7C-440C-B8F3-45C9B5747509}.Debug|Any CPU.ActiveCfg = Debug|Any CPU
		{D2B64BFF-7E7C-440C-B8F3-45C9B5747509}.Debug|Any CPU.Build.0 = Debug|Any CPU
		{D2B64BFF-7E7C-440C-B8F3-45C9B5747509}.Release|Any CPU.ActiveCfg = Release|Any CPU
		{D2B64BFF-7E7C-440C-B8F3-45C9B5747509}.Release|Any CPU.Build.0 = Release|Any CPU
		{7FFEA86E-0F68-4C54-8919-A9DC8019CAC8}.Debug|Any CPU.ActiveCfg = Debug|Any CPU
		{7FFEA86E-0F68-4C54-8919-A9DC8019CAC8}.Debug|Any CPU.Build.0 = Debug|Any CPU
		{7FFEA86E-0F68-4C54-8919-A9DC8019CAC8}.Release|Any CPU.ActiveCfg = Release|Any CPU
		{7FFEA86E-0F68-4C54-8919-A9DC8019CAC8}.Release|Any CPU.Build.0 = Release|Any CPU
		{8ABDDD4C-8F59-4EA9-888E-4937820B82E1}.Debug|Any CPU.ActiveCfg = Debug|Any CPU
		{8ABDDD4C-8F59-4EA9-888E-4937820B82E1}.Debug|Any CPU.Build.0 = Debug|Any CPU
		{8ABDDD4C-8F59-4EA9-888E-4937820B82E1}.Release|Any CPU.ActiveCfg = Release|Any CPU
		{8ABDDD4C-8F59-4EA9-888E-4937820B82E1}.Release|Any CPU.Build.0 = Release|Any CPU
		{4FFEBB3C-C3D7-4EBC-80DF-C6DB15CE2501}.Debug|Any CPU.ActiveCfg = Debug|Any CPU
		{4FFEBB3C-C3D7-4EBC-80DF-C6DB15CE2501}.Debug|Any CPU.Build.0 = Debug|Any CPU
		{4FFEBB3C-C3D7-4EBC-80DF-C6DB15CE2501}.Release|Any CPU.ActiveCfg = Release|Any CPU
		{4FFEBB3C-C3D7-4EBC-80DF-C6DB15CE2501}.Release|Any CPU.Build.0 = Release|Any CPU
		{01988C87-7E8C-4811-B502-B877FE1F1DDE}.Debug|Any CPU.ActiveCfg = Debug|Any CPU
		{01988C87-7E8C-4811-B502-B877FE1F1DDE}.Debug|Any CPU.Build.0 = Debug|Any CPU
		{01988C87-7E8C-4811-B502-B877FE1F1DDE}.Release|Any CPU.ActiveCfg = Release|Any CPU
		{01988C87-7E8C-4811-B502-B877FE1F1DDE}.Release|Any CPU.Build.0 = Release|Any CPU
		{AEC4362E-3DE5-4C1E-A6A6-B35FE64DC726}.Debug|Any CPU.ActiveCfg = Debug|Any CPU
		{AEC4362E-3DE5-4C1E-A6A6-B35FE64DC726}.Debug|Any CPU.Build.0 = Debug|Any CPU
		{AEC4362E-3DE5-4C1E-A6A6-B35FE64DC726}.Release|Any CPU.ActiveCfg = Release|Any CPU
		{AEC4362E-3DE5-4C1E-A6A6-B35FE64DC726}.Release|Any CPU.Build.0 = Release|Any CPU
		{03656375-FDDD-4DEA-B329-F25A5B3700BC}.Debug|Any CPU.ActiveCfg = Debug|Any CPU
		{03656375-FDDD-4DEA-B329-F25A5B3700BC}.Debug|Any CPU.Build.0 = Debug|Any CPU
		{03656375-FDDD-4DEA-B329-F25A5B3700BC}.Release|Any CPU.ActiveCfg = Release|Any CPU
		{03656375-FDDD-4DEA-B329-F25A5B3700BC}.Release|Any CPU.Build.0 = Release|Any CPU
		{ACC073D4-29A3-4B34-93BA-3AC4E9A01D17}.Debug|Any CPU.ActiveCfg = Debug|Any CPU
		{ACC073D4-29A3-4B34-93BA-3AC4E9A01D17}.Debug|Any CPU.Build.0 = Debug|Any CPU
		{ACC073D4-29A3-4B34-93BA-3AC4E9A01D17}.Release|Any CPU.ActiveCfg = Release|Any CPU
		{ACC073D4-29A3-4B34-93BA-3AC4E9A01D17}.Release|Any CPU.Build.0 = Release|Any CPU
		{E8DE9257-7728-49AC-9509-42F776484D44}.Debug|Any CPU.ActiveCfg = Debug|Any CPU
		{E8DE9257-7728-49AC-9509-42F776484D44}.Debug|Any CPU.Build.0 = Debug|Any CPU
		{E8DE9257-7728-49AC-9509-42F776484D44}.Release|Any CPU.ActiveCfg = Release|Any CPU
		{E8DE9257-7728-49AC-9509-42F776484D44}.Release|Any CPU.Build.0 = Release|Any CPU
		{17E223CC-1EA7-42DA-9F38-38F3CDE5B079}.Debug|Any CPU.ActiveCfg = Debug|Any CPU
		{17E223CC-1EA7-42DA-9F38-38F3CDE5B079}.Debug|Any CPU.Build.0 = Debug|Any CPU
		{17E223CC-1EA7-42DA-9F38-38F3CDE5B079}.Release|Any CPU.ActiveCfg = Release|Any CPU
		{17E223CC-1EA7-42DA-9F38-38F3CDE5B079}.Release|Any CPU.Build.0 = Release|Any CPU
		{FB737ACB-D3AA-4252-AE36-A060789E827C}.Debug|Any CPU.ActiveCfg = Debug|Any CPU
		{FB737ACB-D3AA-4252-AE36-A060789E827C}.Debug|Any CPU.Build.0 = Debug|Any CPU
		{FB737ACB-D3AA-4252-AE36-A060789E827C}.Release|Any CPU.ActiveCfg = Release|Any CPU
		{FB737ACB-D3AA-4252-AE36-A060789E827C}.Release|Any CPU.Build.0 = Release|Any CPU
		{859E692C-38C4-4A59-BE0E-E3F43DCD43CD}.Debug|Any CPU.ActiveCfg = Debug|Any CPU
		{859E692C-38C4-4A59-BE0E-E3F43DCD43CD}.Debug|Any CPU.Build.0 = Debug|Any CPU
		{859E692C-38C4-4A59-BE0E-E3F43DCD43CD}.Release|Any CPU.ActiveCfg = Release|Any CPU
		{859E692C-38C4-4A59-BE0E-E3F43DCD43CD}.Release|Any CPU.Build.0 = Release|Any CPU
		{7EF830DB-ABC1-441F-B809-139CB2665452}.Debug|Any CPU.ActiveCfg = Debug|Any CPU
		{7EF830DB-ABC1-441F-B809-139CB2665452}.Debug|Any CPU.Build.0 = Debug|Any CPU
		{7EF830DB-ABC1-441F-B809-139CB2665452}.Release|Any CPU.ActiveCfg = Release|Any CPU
		{7EF830DB-ABC1-441F-B809-139CB2665452}.Release|Any CPU.Build.0 = Release|Any CPU
		{0159518F-10B6-49B6-8CE3-03E0C68755CE}.Debug|Any CPU.ActiveCfg = Debug|Any CPU
		{0159518F-10B6-49B6-8CE3-03E0C68755CE}.Debug|Any CPU.Build.0 = Debug|Any CPU
		{0159518F-10B6-49B6-8CE3-03E0C68755CE}.Release|Any CPU.ActiveCfg = Release|Any CPU
		{0159518F-10B6-49B6-8CE3-03E0C68755CE}.Release|Any CPU.Build.0 = Release|Any CPU
		{3E1A6B0B-480D-4EC9-A8D3-91A4F354DACA}.Debug|Any CPU.ActiveCfg = Debug|Any CPU
		{3E1A6B0B-480D-4EC9-A8D3-91A4F354DACA}.Debug|Any CPU.Build.0 = Debug|Any CPU
		{3E1A6B0B-480D-4EC9-A8D3-91A4F354DACA}.Release|Any CPU.ActiveCfg = Release|Any CPU
		{3E1A6B0B-480D-4EC9-A8D3-91A4F354DACA}.Release|Any CPU.Build.0 = Release|Any CPU
		{B05AABCE-D669-4442-B6E6-0F372CFF8619}.Debug|Any CPU.ActiveCfg = Debug|Any CPU
		{B05AABCE-D669-4442-B6E6-0F372CFF8619}.Debug|Any CPU.Build.0 = Debug|Any CPU
		{B05AABCE-D669-4442-B6E6-0F372CFF8619}.Release|Any CPU.ActiveCfg = Release|Any CPU
		{B05AABCE-D669-4442-B6E6-0F372CFF8619}.Release|Any CPU.Build.0 = Release|Any CPU
		{6C1D5653-1364-41BF-AA21-1C3128DD3D1C}.Debug|Any CPU.ActiveCfg = Debug|Any CPU
		{6C1D5653-1364-41BF-AA21-1C3128DD3D1C}.Debug|Any CPU.Build.0 = Debug|Any CPU
		{6C1D5653-1364-41BF-AA21-1C3128DD3D1C}.Release|Any CPU.ActiveCfg = Release|Any CPU
		{6C1D5653-1364-41BF-AA21-1C3128DD3D1C}.Release|Any CPU.Build.0 = Release|Any CPU
		{F4E88C2D-4050-4000-86DC-590C27BD2888}.Debug|Any CPU.ActiveCfg = Debug|Any CPU
		{F4E88C2D-4050-4000-86DC-590C27BD2888}.Debug|Any CPU.Build.0 = Debug|Any CPU
		{F4E88C2D-4050-4000-86DC-590C27BD2888}.Release|Any CPU.ActiveCfg = Release|Any CPU
		{F4E88C2D-4050-4000-86DC-590C27BD2888}.Release|Any CPU.Build.0 = Release|Any CPU
		{60963DD1-E921-43BD-BF31-4E6768957BBF}.Debug|Any CPU.ActiveCfg = Debug|Any CPU
		{60963DD1-E921-43BD-BF31-4E6768957BBF}.Debug|Any CPU.Build.0 = Debug|Any CPU
		{60963DD1-E921-43BD-BF31-4E6768957BBF}.Release|Any CPU.ActiveCfg = Release|Any CPU
		{60963DD1-E921-43BD-BF31-4E6768957BBF}.Release|Any CPU.Build.0 = Release|Any CPU
		{16A30F05-3469-47AB-86AF-613483977B0F}.Debug|Any CPU.ActiveCfg = Debug|Any CPU
		{16A30F05-3469-47AB-86AF-613483977B0F}.Debug|Any CPU.Build.0 = Debug|Any CPU
		{16A30F05-3469-47AB-86AF-613483977B0F}.Release|Any CPU.ActiveCfg = Release|Any CPU
		{16A30F05-3469-47AB-86AF-613483977B0F}.Release|Any CPU.Build.0 = Release|Any CPU
		{8C7775B3-E10A-460A-AADE-F00D7F9A3E1F}.Debug|Any CPU.ActiveCfg = Debug|Any CPU
		{8C7775B3-E10A-460A-AADE-F00D7F9A3E1F}.Debug|Any CPU.Build.0 = Debug|Any CPU
		{8C7775B3-E10A-460A-AADE-F00D7F9A3E1F}.Release|Any CPU.ActiveCfg = Release|Any CPU
		{8C7775B3-E10A-460A-AADE-F00D7F9A3E1F}.Release|Any CPU.Build.0 = Release|Any CPU
		{45522C03-B226-4AD6-AEA8-E3A336C8B18D}.Debug|Any CPU.ActiveCfg = Debug|Any CPU
		{45522C03-B226-4AD6-AEA8-E3A336C8B18D}.Debug|Any CPU.Build.0 = Debug|Any CPU
		{45522C03-B226-4AD6-AEA8-E3A336C8B18D}.Release|Any CPU.ActiveCfg = Release|Any CPU
		{45522C03-B226-4AD6-AEA8-E3A336C8B18D}.Release|Any CPU.Build.0 = Release|Any CPU
		{B5B39D30-3D29-4365-8DBE-8D2956EF5781}.Debug|Any CPU.ActiveCfg = Debug|Any CPU
		{B5B39D30-3D29-4365-8DBE-8D2956EF5781}.Debug|Any CPU.Build.0 = Debug|Any CPU
		{B5B39D30-3D29-4365-8DBE-8D2956EF5781}.Release|Any CPU.ActiveCfg = Release|Any CPU
		{B5B39D30-3D29-4365-8DBE-8D2956EF5781}.Release|Any CPU.Build.0 = Release|Any CPU
		{AC3D918E-166A-42CF-8775-12FB35B64BFD}.Debug|Any CPU.ActiveCfg = Debug|Any CPU
		{AC3D918E-166A-42CF-8775-12FB35B64BFD}.Debug|Any CPU.Build.0 = Debug|Any CPU
		{AC3D918E-166A-42CF-8775-12FB35B64BFD}.Release|Any CPU.ActiveCfg = Release|Any CPU
		{AC3D918E-166A-42CF-8775-12FB35B64BFD}.Release|Any CPU.Build.0 = Release|Any CPU
		{B3FF3E7B-5F25-4C51-930F-4379E59DC348}.Debug|Any CPU.ActiveCfg = Debug|Any CPU
		{B3FF3E7B-5F25-4C51-930F-4379E59DC348}.Debug|Any CPU.Build.0 = Debug|Any CPU
		{B3FF3E7B-5F25-4C51-930F-4379E59DC348}.Release|Any CPU.ActiveCfg = Release|Any CPU
		{B3FF3E7B-5F25-4C51-930F-4379E59DC348}.Release|Any CPU.Build.0 = Release|Any CPU
		{6895B7BE-F680-4287-AFB2-C95B11B86E23}.Debug|Any CPU.ActiveCfg = Debug|Any CPU
		{6895B7BE-F680-4287-AFB2-C95B11B86E23}.Debug|Any CPU.Build.0 = Debug|Any CPU
		{6895B7BE-F680-4287-AFB2-C95B11B86E23}.Release|Any CPU.ActiveCfg = Release|Any CPU
		{6895B7BE-F680-4287-AFB2-C95B11B86E23}.Release|Any CPU.Build.0 = Release|Any CPU
		{BF093FFF-E7C3-47B4-A6D9-19FC09FC18CF}.Debug|Any CPU.ActiveCfg = Debug|Any CPU
		{BF093FFF-E7C3-47B4-A6D9-19FC09FC18CF}.Debug|Any CPU.Build.0 = Debug|Any CPU
		{BF093FFF-E7C3-47B4-A6D9-19FC09FC18CF}.Release|Any CPU.ActiveCfg = Release|Any CPU
		{BF093FFF-E7C3-47B4-A6D9-19FC09FC18CF}.Release|Any CPU.Build.0 = Release|Any CPU
		{CE61928D-2E24-49BA-8465-55685874B9B4}.Debug|Any CPU.ActiveCfg = Debug|Any CPU
		{CE61928D-2E24-49BA-8465-55685874B9B4}.Debug|Any CPU.Build.0 = Debug|Any CPU
		{CE61928D-2E24-49BA-8465-55685874B9B4}.Release|Any CPU.ActiveCfg = Release|Any CPU
		{CE61928D-2E24-49BA-8465-55685874B9B4}.Release|Any CPU.Build.0 = Release|Any CPU
		{76BFD920-113B-45B2-BB88-B474870F40D3}.Debug|Any CPU.ActiveCfg = Debug|Any CPU
		{76BFD920-113B-45B2-BB88-B474870F40D3}.Debug|Any CPU.Build.0 = Debug|Any CPU
		{76BFD920-113B-45B2-BB88-B474870F40D3}.Release|Any CPU.ActiveCfg = Release|Any CPU
		{76BFD920-113B-45B2-BB88-B474870F40D3}.Release|Any CPU.Build.0 = Release|Any CPU
		{31132B0D-EAFC-4385-9DDC-D4325E8372B8}.Debug|Any CPU.ActiveCfg = Debug|Any CPU
		{31132B0D-EAFC-4385-9DDC-D4325E8372B8}.Debug|Any CPU.Build.0 = Debug|Any CPU
		{31132B0D-EAFC-4385-9DDC-D4325E8372B8}.Release|Any CPU.ActiveCfg = Release|Any CPU
		{31132B0D-EAFC-4385-9DDC-D4325E8372B8}.Release|Any CPU.Build.0 = Release|Any CPU
		{DA16D18F-7F4C-4F9C-A6B7-3A9A14284E0D}.Debug|Any CPU.ActiveCfg = Debug|Any CPU
		{DA16D18F-7F4C-4F9C-A6B7-3A9A14284E0D}.Debug|Any CPU.Build.0 = Debug|Any CPU
		{DA16D18F-7F4C-4F9C-A6B7-3A9A14284E0D}.Release|Any CPU.ActiveCfg = Release|Any CPU
		{DA16D18F-7F4C-4F9C-A6B7-3A9A14284E0D}.Release|Any CPU.Build.0 = Release|Any CPU
		{4F2FBB52-2517-4256-9823-314F69EF1D60}.Debug|Any CPU.ActiveCfg = Debug|Any CPU
		{4F2FBB52-2517-4256-9823-314F69EF1D60}.Debug|Any CPU.Build.0 = Debug|Any CPU
		{4F2FBB52-2517-4256-9823-314F69EF1D60}.Release|Any CPU.ActiveCfg = Release|Any CPU
		{4F2FBB52-2517-4256-9823-314F69EF1D60}.Release|Any CPU.Build.0 = Release|Any CPU
		{50C51381-8319-4B1A-BFE6-ECA9DD3E2D11}.Debug|Any CPU.ActiveCfg = Debug|Any CPU
		{50C51381-8319-4B1A-BFE6-ECA9DD3E2D11}.Debug|Any CPU.Build.0 = Debug|Any CPU
		{50C51381-8319-4B1A-BFE6-ECA9DD3E2D11}.Release|Any CPU.ActiveCfg = Release|Any CPU
		{50C51381-8319-4B1A-BFE6-ECA9DD3E2D11}.Release|Any CPU.Build.0 = Release|Any CPU
		{7CC93780-5B3F-4FCD-B6DE-9BFDAF3821E8}.Debug|Any CPU.ActiveCfg = Debug|Any CPU
		{7CC93780-5B3F-4FCD-B6DE-9BFDAF3821E8}.Debug|Any CPU.Build.0 = Debug|Any CPU
		{7CC93780-5B3F-4FCD-B6DE-9BFDAF3821E8}.Release|Any CPU.ActiveCfg = Release|Any CPU
		{7CC93780-5B3F-4FCD-B6DE-9BFDAF3821E8}.Release|Any CPU.Build.0 = Release|Any CPU
		{24C9AD0E-3604-4737-A133-0889A338AE9A}.Debug|Any CPU.ActiveCfg = Debug|Any CPU
		{24C9AD0E-3604-4737-A133-0889A338AE9A}.Debug|Any CPU.Build.0 = Debug|Any CPU
		{24C9AD0E-3604-4737-A133-0889A338AE9A}.Release|Any CPU.ActiveCfg = Release|Any CPU
		{24C9AD0E-3604-4737-A133-0889A338AE9A}.Release|Any CPU.Build.0 = Release|Any CPU
		{BB662347-F71C-4601-B10F-4B5792C81911}.Debug|Any CPU.ActiveCfg = Debug|Any CPU
		{BB662347-F71C-4601-B10F-4B5792C81911}.Debug|Any CPU.Build.0 = Debug|Any CPU
		{BB662347-F71C-4601-B10F-4B5792C81911}.Release|Any CPU.ActiveCfg = Release|Any CPU
		{BB662347-F71C-4601-B10F-4B5792C81911}.Release|Any CPU.Build.0 = Release|Any CPU
		{108EA479-994C-4CDE-A171-C5CA2442BF11}.Debug|Any CPU.ActiveCfg = Debug|Any CPU
		{108EA479-994C-4CDE-A171-C5CA2442BF11}.Debug|Any CPU.Build.0 = Debug|Any CPU
		{108EA479-994C-4CDE-A171-C5CA2442BF11}.Release|Any CPU.ActiveCfg = Release|Any CPU
		{108EA479-994C-4CDE-A171-C5CA2442BF11}.Release|Any CPU.Build.0 = Release|Any CPU
		{7F385AC1-7C06-4BFE-96E6-8E72CEFC8987}.Debug|Any CPU.ActiveCfg = Debug|Any CPU
		{7F385AC1-7C06-4BFE-96E6-8E72CEFC8987}.Debug|Any CPU.Build.0 = Debug|Any CPU
		{7F385AC1-7C06-4BFE-96E6-8E72CEFC8987}.Release|Any CPU.ActiveCfg = Release|Any CPU
		{7F385AC1-7C06-4BFE-96E6-8E72CEFC8987}.Release|Any CPU.Build.0 = Release|Any CPU
		{F1B1063C-9127-44F9-94AC-D25123E6CEF5}.Debug|Any CPU.ActiveCfg = Debug|Any CPU
		{F1B1063C-9127-44F9-94AC-D25123E6CEF5}.Debug|Any CPU.Build.0 = Debug|Any CPU
		{F1B1063C-9127-44F9-94AC-D25123E6CEF5}.Release|Any CPU.ActiveCfg = Release|Any CPU
		{F1B1063C-9127-44F9-94AC-D25123E6CEF5}.Release|Any CPU.Build.0 = Release|Any CPU
		{6D219313-620E-4EB2-8769-3928E417E651}.Debug|Any CPU.ActiveCfg = Debug|Any CPU
		{6D219313-620E-4EB2-8769-3928E417E651}.Debug|Any CPU.Build.0 = Debug|Any CPU
		{6D219313-620E-4EB2-8769-3928E417E651}.Release|Any CPU.ActiveCfg = Release|Any CPU
		{6D219313-620E-4EB2-8769-3928E417E651}.Release|Any CPU.Build.0 = Release|Any CPU
		{FB52F366-E3C4-4F32-9DF8-0CAC90526836}.Debug|Any CPU.ActiveCfg = Debug|Any CPU
		{FB52F366-E3C4-4F32-9DF8-0CAC90526836}.Debug|Any CPU.Build.0 = Debug|Any CPU
		{FB52F366-E3C4-4F32-9DF8-0CAC90526836}.Release|Any CPU.ActiveCfg = Release|Any CPU
		{FB52F366-E3C4-4F32-9DF8-0CAC90526836}.Release|Any CPU.Build.0 = Release|Any CPU
		{9643A1EA-BDB3-4BDF-8249-70949902CB56}.Debug|Any CPU.ActiveCfg = Debug|Any CPU
		{9643A1EA-BDB3-4BDF-8249-70949902CB56}.Debug|Any CPU.Build.0 = Debug|Any CPU
		{9643A1EA-BDB3-4BDF-8249-70949902CB56}.Release|Any CPU.ActiveCfg = Release|Any CPU
		{9643A1EA-BDB3-4BDF-8249-70949902CB56}.Release|Any CPU.Build.0 = Release|Any CPU
		{F1DB7A89-44FE-45C5-A160-6E786146C521}.Debug|Any CPU.ActiveCfg = Debug|Any CPU
		{F1DB7A89-44FE-45C5-A160-6E786146C521}.Debug|Any CPU.Build.0 = Debug|Any CPU
		{F1DB7A89-44FE-45C5-A160-6E786146C521}.Release|Any CPU.ActiveCfg = Release|Any CPU
		{F1DB7A89-44FE-45C5-A160-6E786146C521}.Release|Any CPU.Build.0 = Release|Any CPU
	EndGlobalSection
	GlobalSection(SolutionProperties) = preSolution
		HideSolutionNode = FALSE
	EndGlobalSection
	GlobalSection(ExtensibilityGlobals) = postSolution
		SolutionGuid = {D6197B65-2076-4D64-87E8-4A184280704B}
	EndGlobalSection
EndGlobal
