
Microsoft Visual Studio Solution File, Format Version 12.00
# Visual Studio Version 17
VisualStudioVersion = 17.10.34814.14
MinimumVisualStudioVersion = 10.0.40219.1
Project("{9A19103F-16F7-4668-BE54-9A1E7A4F7556}") = "01_Introduction", "01_Introduction\01_Introduction.csproj", "{24CD5DE7-F7D7-4F34-8FBB-A35227D57637}"
EndProject
Project("{2150E333-8FDC-42A3-9474-1A3956D46DE8}") = "Solution Items", "Solution Items", "{620066D5-AB72-4CCE-84C9-29341147AAD4}"
	ProjectSection(SolutionItems) = preProject
		All Questions.txt = All Questions.txt
	EndProjectSection
EndProject
Project("{9A19103F-16F7-4668-BE54-9A1E7A4F7556}") = "03_IS vs AS keywords", "03_IS vs AS keywords\03_IS vs AS keywords.csproj", "{D8E77A2E-7EB8-4DAD-AA04-B6222239AC21}"
EndProject
Project("{9A19103F-16F7-4668-BE54-9A1E7A4F7556}") = "02_Tuples_Vs_ValueTuples", "02_Tuples_Vs_ValueTuples\02_Tuples_Vs_ValueTuples.csproj", "{3D17DAC1-17BF-4733-8F02-932C34A469E0}"
EndProject
Project("{9A19103F-16F7-4668-BE54-9A1E7A4F7556}") = "04_Using Keyword", "04_Using Keyword\04_Using Keyword.csproj", "{130FE91B-7002-4E6D-80B0-F0B30BF71340}"
EndProject
Project("{9A19103F-16F7-4668-BE54-9A1E7A4F7556}") = "05_Dynamic keyword", "05_Dynamic keyword\05_Dynamic keyword.csproj", "{C3B013DD-A289-47D6-BCE7-B1F0F9E1684D}"
EndProject
Project("{9A19103F-16F7-4668-BE54-9A1E7A4F7556}") = "06_Expression bodied members", "06_Expression bodied members\06_Expression bodied members.csproj", "{80F5CEB7-A0C2-4F2F-8BB9-7FB39AACA6D7}"
EndProject
Project("{9A19103F-16F7-4668-BE54-9A1E7A4F7556}") = "07_Func and lambda expressions", "07_Func and lambda expressions\07_Func and lambda expressions.csproj", "{D49E0390-28F6-4909-9F7F-10FE67F4D463}"
EndProject
Project("{9A19103F-16F7-4668-BE54-9A1E7A4F7556}") = "07.1_Func, Action, Lamba expression Beginner", "07_Func, Action, Lamba expression Beginner\07.1_Func, Action, Lamba expression Beginner.csproj", "{D8645FE7-B34F-4CC0-8578-6D9F79B085CD}"
EndProject
Project("{9A19103F-16F7-4668-BE54-9A1E7A4F7556}") = "07.2_Func, Action, Lamba expression Advanced", "07_Func, Action, Lamba expression Advanced\07.2_Func, Action, Lamba expression Advanced.csproj", "{5E73C226-8806-42C4-B90C-36B6C223203D}"
EndProject
Project("{9A19103F-16F7-4668-BE54-9A1E7A4F7556}") = "08_What are delegates", "08_What are delegates\08_What are delegates.csproj", "{D2B64BFF-7E7C-440C-B8F3-45C9B5747509}"
EndProject
Project("{9A19103F-16F7-4668-BE54-9A1E7A4F7556}") = "09_Gabage Collector", "09_Gabage Collector\09_Gabage Collector.csproj", "{7FFEA86E-0F68-4C54-8919-A9DC8019CAC8}"
EndProject
Project("{9A19103F-16F7-4668-BE54-9A1E7A4F7556}") = "11_Dispose vs Finalize methods", "11_Dispose vs Finalize methods\11_Dispose vs Finalize methods.csproj", "{8ABDDD4C-8F59-4EA9-888E-4937820B82E1}"
EndProject
Project("{9A19103F-16F7-4668-BE54-9A1E7A4F7556}") = "10_What are generations", "10_What are generations\10_What are generations.csproj", "{4FFEBB3C-C3D7-4EBC-80DF-C6DB15CE2501}"
EndProject
Project("{9A19103F-16F7-4668-BE54-9A1E7A4F7556}") = "12_Default implementations in interfaces", "12_Default implementations in interfaces\12_Default implementations in interfaces.csproj", "{01988C87-7E8C-4811-B502-B877FE1F1DDE}"
EndProject
Project("{9A19103F-16F7-4668-BE54-9A1E7A4F7556}") = "13_What is deconstruction", "13_What is deconstruction\13_What is deconstruction.csproj", "{AEC4362E-3DE5-4C1E-A6A6-B35FE64DC726}"
EndProject
Project("{FAE04EC0-301F-11D3-BF4B-00C04F79EFBC}") = "14_Catch(Exception) when is bad or good", "14_Catch(Exception) when is bad or good\14_Catch(Exception) when is bad or good.csproj", "{03656375-FDDD-4DEA-B329-F25A5B3700BC}"
EndProject
Project("{FAE04EC0-301F-11D3-BF4B-00C04F79EFBC}") = "15_Throw vs Throw ex", "15_Throw vs Throw ex\15_Throw vs Throw ex.csproj", "{ACC073D4-29A3-4B34-93BA-3AC4E9A01D17}"
EndProject
Global
	GlobalSection(SolutionConfigurationPlatforms) = preSolution
		Debug|Any CPU = Debug|Any CPU
		Release|Any CPU = Release|Any CPU
	EndGlobalSection
	GlobalSection(ProjectConfigurationPlatforms) = postSolution
		{24CD5DE7-F7D7-4F34-8FBB-A35227D57637}.Debug|Any CPU.ActiveCfg = Debug|Any CPU
		{24CD5DE7-F7D7-4F34-8FBB-A35227D57637}.Debug|Any CPU.Build.0 = Debug|Any CPU
		{24CD5DE7-F7D7-4F34-8FBB-A35227D57637}.Release|Any CPU.ActiveCfg = Release|Any CPU
		{24CD5DE7-F7D7-4F34-8FBB-A35227D57637}.Release|Any CPU.Build.0 = Release|Any CPU
		{D8E77A2E-7EB8-4DAD-AA04-B6222239AC21}.Debug|Any CPU.ActiveCfg = Debug|Any CPU
		{D8E77A2E-7EB8-4DAD-AA04-B6222239AC21}.Debug|Any CPU.Build.0 = Debug|Any CPU
		{D8E77A2E-7EB8-4DAD-AA04-B6222239AC21}.Release|Any CPU.ActiveCfg = Release|Any CPU
		{D8E77A2E-7EB8-4DAD-AA04-B6222239AC21}.Release|Any CPU.Build.0 = Release|Any CPU
		{3D17DAC1-17BF-4733-8F02-932C34A469E0}.Debug|Any CPU.ActiveCfg = Debug|Any CPU
		{3D17DAC1-17BF-4733-8F02-932C34A469E0}.Debug|Any CPU.Build.0 = Debug|Any CPU
		{3D17DAC1-17BF-4733-8F02-932C34A469E0}.Release|Any CPU.ActiveCfg = Release|Any CPU
		{3D17DAC1-17BF-4733-8F02-932C34A469E0}.Release|Any CPU.Build.0 = Release|Any CPU
		{130FE91B-7002-4E6D-80B0-F0B30BF71340}.Debug|Any CPU.ActiveCfg = Debug|Any CPU
		{130FE91B-7002-4E6D-80B0-F0B30BF71340}.Debug|Any CPU.Build.0 = Debug|Any CPU
		{130FE91B-7002-4E6D-80B0-F0B30BF71340}.Release|Any CPU.ActiveCfg = Release|Any CPU
		{130FE91B-7002-4E6D-80B0-F0B30BF71340}.Release|Any CPU.Build.0 = Release|Any CPU
		{C3B013DD-A289-47D6-BCE7-B1F0F9E1684D}.Debug|Any CPU.ActiveCfg = Debug|Any CPU
		{C3B013DD-A289-47D6-BCE7-B1F0F9E1684D}.Debug|Any CPU.Build.0 = Debug|Any CPU
		{C3B013DD-A289-47D6-BCE7-B1F0F9E1684D}.Release|Any CPU.ActiveCfg = Release|Any CPU
		{C3B013DD-A289-47D6-BCE7-B1F0F9E1684D}.Release|Any CPU.Build.0 = Release|Any CPU
		{80F5CEB7-A0C2-4F2F-8BB9-7FB39AACA6D7}.Debug|Any CPU.ActiveCfg = Debug|Any CPU
		{80F5CEB7-A0C2-4F2F-8BB9-7FB39AACA6D7}.Debug|Any CPU.Build.0 = Debug|Any CPU
		{80F5CEB7-A0C2-4F2F-8BB9-7FB39AACA6D7}.Release|Any CPU.ActiveCfg = Release|Any CPU
		{80F5CEB7-A0C2-4F2F-8BB9-7FB39AACA6D7}.Release|Any CPU.Build.0 = Release|Any CPU
		{D49E0390-28F6-4909-9F7F-10FE67F4D463}.Debug|Any CPU.ActiveCfg = Debug|Any CPU
		{D49E0390-28F6-4909-9F7F-10FE67F4D463}.Debug|Any CPU.Build.0 = Debug|Any CPU
		{D49E0390-28F6-4909-9F7F-10FE67F4D463}.Release|Any CPU.ActiveCfg = Release|Any CPU
		{D49E0390-28F6-4909-9F7F-10FE67F4D463}.Release|Any CPU.Build.0 = Release|Any CPU
		{D8645FE7-B34F-4CC0-8578-6D9F79B085CD}.Debug|Any CPU.ActiveCfg = Debug|Any CPU
		{D8645FE7-B34F-4CC0-8578-6D9F79B085CD}.Debug|Any CPU.Build.0 = Debug|Any CPU
		{D8645FE7-B34F-4CC0-8578-6D9F79B085CD}.Release|Any CPU.ActiveCfg = Release|Any CPU
		{D8645FE7-B34F-4CC0-8578-6D9F79B085CD}.Release|Any CPU.Build.0 = Release|Any CPU
		{5E73C226-8806-42C4-B90C-36B6C223203D}.Debug|Any CPU.ActiveCfg = Debug|Any CPU
		{5E73C226-8806-42C4-B90C-36B6C223203D}.Debug|Any CPU.Build.0 = Debug|Any CPU
		{5E73C226-8806-42C4-B90C-36B6C223203D}.Release|Any CPU.ActiveCfg = Release|Any CPU
		{5E73C226-8806-42C4-B90C-36B6C223203D}.Release|Any CPU.Build.0 = Release|Any CPU
		{D2B64BFF-7E7C-440C-B8F3-45C9B5747509}.Debug|Any CPU.ActiveCfg = Debug|Any CPU
		{D2B64BFF-7E7C-440C-B8F3-45C9B5747509}.Debug|Any CPU.Build.0 = Debug|Any CPU
		{D2B64BFF-7E7C-440C-B8F3-45C9B5747509}.Release|Any CPU.ActiveCfg = Release|Any CPU
		{D2B64BFF-7E7C-440C-B8F3-45C9B5747509}.Release|Any CPU.Build.0 = Release|Any CPU
		{7FFEA86E-0F68-4C54-8919-A9DC8019CAC8}.Debug|Any CPU.ActiveCfg = Debug|Any CPU
		{7FFEA86E-0F68-4C54-8919-A9DC8019CAC8}.Debug|Any CPU.Build.0 = Debug|Any CPU
		{7FFEA86E-0F68-4C54-8919-A9DC8019CAC8}.Release|Any CPU.ActiveCfg = Release|Any CPU
		{7FFEA86E-0F68-4C54-8919-A9DC8019CAC8}.Release|Any CPU.Build.0 = Release|Any CPU
		{8ABDDD4C-8F59-4EA9-888E-4937820B82E1}.Debug|Any CPU.ActiveCfg = Debug|Any CPU
		{8ABDDD4C-8F59-4EA9-888E-4937820B82E1}.Debug|Any CPU.Build.0 = Debug|Any CPU
		{8ABDDD4C-8F59-4EA9-888E-4937820B82E1}.Release|Any CPU.ActiveCfg = Release|Any CPU
		{8ABDDD4C-8F59-4EA9-888E-4937820B82E1}.Release|Any CPU.Build.0 = Release|Any CPU
		{4FFEBB3C-C3D7-4EBC-80DF-C6DB15CE2501}.Debug|Any CPU.ActiveCfg = Debug|Any CPU
		{4FFEBB3C-C3D7-4EBC-80DF-C6DB15CE2501}.Debug|Any CPU.Build.0 = Debug|Any CPU
		{4FFEBB3C-C3D7-4EBC-80DF-C6DB15CE2501}.Release|Any CPU.ActiveCfg = Release|Any CPU
		{4FFEBB3C-C3D7-4EBC-80DF-C6DB15CE2501}.Release|Any CPU.Build.0 = Release|Any CPU
		{01988C87-7E8C-4811-B502-B877FE1F1DDE}.Debug|Any CPU.ActiveCfg = Debug|Any CPU
		{01988C87-7E8C-4811-B502-B877FE1F1DDE}.Debug|Any CPU.Build.0 = Debug|Any CPU
		{01988C87-7E8C-4811-B502-B877FE1F1DDE}.Release|Any CPU.ActiveCfg = Release|Any CPU
		{01988C87-7E8C-4811-B502-B877FE1F1DDE}.Release|Any CPU.Build.0 = Release|Any CPU
		{AEC4362E-3DE5-4C1E-A6A6-B35FE64DC726}.Debug|Any CPU.ActiveCfg = Debug|Any CPU
		{AEC4362E-3DE5-4C1E-A6A6-B35FE64DC726}.Debug|Any CPU.Build.0 = Debug|Any CPU
		{AEC4362E-3DE5-4C1E-A6A6-B35FE64DC726}.Release|Any CPU.ActiveCfg = Release|Any CPU
		{AEC4362E-3DE5-4C1E-A6A6-B35FE64DC726}.Release|Any CPU.Build.0 = Release|Any CPU
		{03656375-FDDD-4DEA-B329-F25A5B3700BC}.Debug|Any CPU.ActiveCfg = Debug|Any CPU
		{03656375-FDDD-4DEA-B329-F25A5B3700BC}.Debug|Any CPU.Build.0 = Debug|Any CPU
		{03656375-FDDD-4DEA-B329-F25A5B3700BC}.Release|Any CPU.ActiveCfg = Release|Any CPU
		{03656375-FDDD-4DEA-B329-F25A5B3700BC}.Release|Any CPU.Build.0 = Release|Any CPU
		{ACC073D4-29A3-4B34-93BA-3AC4E9A01D17}.Debug|Any CPU.ActiveCfg = Debug|Any CPU
		{ACC073D4-29A3-4B34-93BA-3AC4E9A01D17}.Debug|Any CPU.Build.0 = Debug|Any CPU
		{ACC073D4-29A3-4B34-93BA-3AC4E9A01D17}.Release|Any CPU.ActiveCfg = Release|Any CPU
		{ACC073D4-29A3-4B34-93BA-3AC4E9A01D17}.Release|Any CPU.Build.0 = Release|Any CPU
	EndGlobalSection
	GlobalSection(SolutionProperties) = preSolution
		HideSolutionNode = FALSE
	EndGlobalSection
	GlobalSection(ExtensibilityGlobals) = postSolution
		SolutionGuid = {D6197B65-2076-4D64-87E8-4A184280704B}
	EndGlobalSection
EndGlobal
